
Microsoft Visual Studio Solution File, Format Version 12.00
# Visual Studio Version 17
VisualStudioVersion = 17.9.34714.143
MinimumVisualStudioVersion = 10.0.40219.1
Project("{F184B08F-C81C-45F6-A57F-5ABD9991F28F}") = "VB.Net", "VB.Net\VB.Net.vbproj", "{E40D5FCA-A785-4641-BE6D-06AF4880A59C}"
EndProject
Global
	GlobalSection(SolutionConfigurationPlatforms) = preSolution
		Debug|Any CPU = Debug|Any CPU
		Release|Any CPU = Release|Any CPU
	EndGlobalSection
	GlobalSection(ProjectConfigurationPlatforms) = postSolution
		{E40D5FCA-A785-4641-BE6D-06AF4880A59C}.Debug|Any CPU.ActiveCfg = Debug|Any CPU
		{E40D5FCA-A785-4641-BE6D-06AF4880A59C}.Debug|Any CPU.Build.0 = Debug|Any CPU
		{E40D5FCA-A785-4641-BE6D-06AF4880A59C}.Release|Any CPU.ActiveCfg = Release|Any CPU
		{E40D5FCA-A785-4641-BE6D-06AF4880A59C}.Release|Any CPU.Build.0 = Release|Any CPU
	EndGlobalSection
	GlobalSection(SolutionProperties) = preSolution
		HideSolutionNode = FALSE
	EndGlobalSection
	GlobalSection(ExtensibilityGlobals) = postSolution
		SolutionGuid = {21E0DF28-A2EC-478D-B2EF-A1DA123308BA}
	EndGlobalSection
EndGlobal
